
Microsoft Visual Studio Solution File, Format Version 12.00
# Visual Studio Version 16
VisualStudioVersion = 16.0.29306.81
MinimumVisualStudioVersion = 10.0.40219.1
Project("{FAE04EC0-301F-11D3-BF4B-00C04F79EFBC}") = "EventNew", "EventNew\EventNew.csproj", "{B4D27E81-BC0D-433F-A275-5950BD32A6EE}"
EndProject
Global
	GlobalSection(SolutionConfigurationPlatforms) = preSolution
		Debug|Any CPU = Debug|Any CPU
		Release|Any CPU = Release|Any CPU
	EndGlobalSection
	GlobalSection(ProjectConfigurationPlatforms) = postSolution
		{B4D27E81-BC0D-433F-A275-5950BD32A6EE}.Debug|Any CPU.ActiveCfg = Debug|Any CPU
		{B4D27E81-BC0D-433F-A275-5950BD32A6EE}.Debug|Any CPU.Build.0 = Debug|Any CPU
		{B4D27E81-BC0D-433F-A275-5950BD32A6EE}.Release|Any CPU.ActiveCfg = Release|Any CPU
		{B4D27E81-BC0D-433F-A275-5950BD32A6EE}.Release|Any CPU.Build.0 = Release|Any CPU
	EndGlobalSection
	GlobalSection(SolutionProperties) = preSolution
		HideSolutionNode = FALSE
	EndGlobalSection
	GlobalSection(ExtensibilityGlobals) = postSolution
		SolutionGuid = {D6304A9A-7F22-462D-956F-13B8A0BF1243}
	EndGlobalSection
EndGlobal
